
Microsoft Visual Studio Solution File, Format Version 12.00
# Visual Studio Version 17
VisualStudioVersion = 17.2.32516.85
MinimumVisualStudioVersion = 10.0.40219.1
Project("{9A19103F-16F7-4668-BE54-9A1E7A4F7556}") = "MediaFireDownloader", "MediaFireDownloader\MediaFireDownloader.csproj", "{8BF7A625-4194-42B1-A73C-EDC59D99E451}"
EndProject
Project("{9A19103F-16F7-4668-BE54-9A1E7A4F7556}") = "PinkJson2", "..\PinkJson\PinkJson2\PinkJson2\PinkJson2.csproj", "{D1215C6D-D35E-457D-A169-5AF626C214CA}"
EndProject
Project("{9A19103F-16F7-4668-BE54-9A1E7A4F7556}") = "WebLib", "..\WebLib\WebLib.csproj", "{B9FEF652-C3A7-4213-B6D7-D05726C80CFF}"
EndProject
Global
	GlobalSection(SolutionConfigurationPlatforms) = preSolution
		Debug|Any CPU = Debug|Any CPU
		Release|Any CPU = Release|Any CPU
	EndGlobalSection
	GlobalSection(ProjectConfigurationPlatforms) = postSolution
		{8BF7A625-4194-42B1-A73C-EDC59D99E451}.Debug|Any CPU.ActiveCfg = Debug|Any CPU
		{8BF7A625-4194-42B1-A73C-EDC59D99E451}.Debug|Any CPU.Build.0 = Debug|Any CPU
		{8BF7A625-4194-42B1-A73C-EDC59D99E451}.Release|Any CPU.ActiveCfg = Release|Any CPU
		{8BF7A625-4194-42B1-A73C-EDC59D99E451}.Release|Any CPU.Build.0 = Release|Any CPU
		{D1215C6D-D35E-457D-A169-5AF626C214CA}.Debug|Any CPU.ActiveCfg = Debug|Any CPU
		{D1215C6D-D35E-457D-A169-5AF626C214CA}.Debug|Any CPU.Build.0 = Debug|Any CPU
		{D1215C6D-D35E-457D-A169-5AF626C214CA}.Release|Any CPU.ActiveCfg = Release|Any CPU
		{D1215C6D-D35E-457D-A169-5AF626C214CA}.Release|Any CPU.Build.0 = Release|Any CPU
		{B9FEF652-C3A7-4213-B6D7-D05726C80CFF}.Debug|Any CPU.ActiveCfg = Debug|Any CPU
		{B9FEF652-C3A7-4213-B6D7-D05726C80CFF}.Debug|Any CPU.Build.0 = Debug|Any CPU
		{B9FEF652-C3A7-4213-B6D7-D05726C80CFF}.Release|Any CPU.ActiveCfg = Release|Any CPU
		{B9FEF652-C3A7-4213-B6D7-D05726C80CFF}.Release|Any CPU.Build.0 = Release|Any CPU
	EndGlobalSection
	GlobalSection(SolutionProperties) = preSolution
		HideSolutionNode = FALSE
	EndGlobalSection
	GlobalSection(ExtensibilityGlobals) = postSolution
		SolutionGuid = {960FC924-98DA-4D53-94B6-D9543873AE31}
	EndGlobalSection
EndGlobal
